
Microsoft Visual Studio Solution File, Format Version 12.00
# Visual Studio 15
Project("{FAE04EC0-301F-11D3-BF4B-00C04F79EFBC}") = "KlientContraCity.Plugins", "KlientContraCity.Plugins.csproj", "{84690B03-7A93-0A55-1CD8-7FD39FFAE10F}"
EndProject
Project("{FAE04EC0-301F-11D3-BF4B-00C04F79EFBC}") = "KlientContraCity", "KlientContraCity.csproj", "{1D84F0BB-CBD9-6433-3E63-924D8F843CA3}"
EndProject
Project("{FAE04EC0-301F-11D3-BF4B-00C04F79EFBC}") = "KlientContraCity.Editor", "KlientContraCity.Editor.csproj", "{CD0A5F75-D606-34DC-2E25-8192330BF7C7}"
EndProject
Global
	GlobalSection(SolutionConfigurationPlatforms) = preSolution
		Debug|Any CPU = Debug|Any CPU
		Release|Any CPU = Release|Any CPU
	EndGlobalSection
	GlobalSection(ProjectConfigurationPlatforms) = postSolution
		{84690B03-7A93-0A55-1CD8-7FD39FFAE10F}.Debug|Any CPU.ActiveCfg = Debug|Any CPU
		{84690B03-7A93-0A55-1CD8-7FD39FFAE10F}.Debug|Any CPU.Build.0 = Debug|Any CPU
		{84690B03-7A93-0A55-1CD8-7FD39FFAE10F}.Release|Any CPU.ActiveCfg = Release|Any CPU
		{84690B03-7A93-0A55-1CD8-7FD39FFAE10F}.Release|Any CPU.Build.0 = Release|Any CPU
		{1D84F0BB-CBD9-6433-3E63-924D8F843CA3}.Debug|Any CPU.ActiveCfg = Debug|Any CPU
		{1D84F0BB-CBD9-6433-3E63-924D8F843CA3}.Debug|Any CPU.Build.0 = Debug|Any CPU
		{1D84F0BB-CBD9-6433-3E63-924D8F843CA3}.Release|Any CPU.ActiveCfg = Release|Any CPU
		{1D84F0BB-CBD9-6433-3E63-924D8F843CA3}.Release|Any CPU.Build.0 = Release|Any CPU
		{CD0A5F75-D606-34DC-2E25-8192330BF7C7}.Debug|Any CPU.ActiveCfg = Debug|Any CPU
		{CD0A5F75-D606-34DC-2E25-8192330BF7C7}.Debug|Any CPU.Build.0 = Debug|Any CPU
		{CD0A5F75-D606-34DC-2E25-8192330BF7C7}.Release|Any CPU.ActiveCfg = Release|Any CPU
		{CD0A5F75-D606-34DC-2E25-8192330BF7C7}.Release|Any CPU.Build.0 = Release|Any CPU
	EndGlobalSection
	GlobalSection(SolutionProperties) = preSolution
		HideSolutionNode = FALSE
	EndGlobalSection
EndGlobal
